
Microsoft Visual Studio Solution File, Format Version 12.00
# Visual Studio 2012
Project("{E24C65DC-7377-472B-9ABA-BC803B73C61A}") = "WebSite", "http://localhost:4088", "{3B8AF7FD-32BF-43EF-A168-1EAE3CA1887E}"
	ProjectSection(WebsiteProperties) = preProject
		Debug.AspNetCompiler.Debug = "True"
		Debug.AspNetCompiler.FixedNames = "false"
		Debug.AspNetCompiler.ForceOverwrite = "true"
		Debug.AspNetCompiler.PhysicalPath = "E:\My Project\WebSite\"
		Debug.AspNetCompiler.TargetPath = "PrecompiledWeb\localhost_4088\"
		Debug.AspNetCompiler.Updateable = "true"
		Debug.AspNetCompiler.VirtualPath = "/localhost_4088"
		DefaultWebSiteLanguage = "Visual C#"
		Release.AspNetCompiler.Debug = "False"
		Release.AspNetCompiler.FixedNames = "false"
		Release.AspNetCompiler.ForceOverwrite = "true"
		Release.AspNetCompiler.PhysicalPath = "E:\My Project\WebSite\"
		Release.AspNetCompiler.TargetPath = "PrecompiledWeb\localhost_4088\"
		Release.AspNetCompiler.Updateable = "true"
		Release.AspNetCompiler.VirtualPath = "/localhost_4088"
		SlnRelativePath = "E:\My Project\WebSite\"
		TargetFrameworkMoniker = ".NETFramework,Version%3Dv2.0"
		UseIISExpress = "true"
	EndProjectSection
EndProject
Global
	GlobalSection(SolutionConfigurationPlatforms) = preSolution
		Debug|Any CPU = Debug|Any CPU
	EndGlobalSection
	GlobalSection(ProjectConfigurationPlatforms) = postSolution
		{3B8AF7FD-32BF-43EF-A168-1EAE3CA1887E}.Debug|Any CPU.ActiveCfg = Debug|Any CPU
		{3B8AF7FD-32BF-43EF-A168-1EAE3CA1887E}.Debug|Any CPU.Build.0 = Debug|Any CPU
	EndGlobalSection
	GlobalSection(SolutionProperties) = preSolution
		HideSolutionNode = FALSE
	EndGlobalSection
EndGlobal
